
Microsoft Visual Studio Solution File, Format Version 12.00
# Visual Studio Version 17
VisualStudioVersion = 17.7.34003.232
MinimumVisualStudioVersion = 10.0.40219.1
Project("{8BC9CEB8-8B4A-11D0-8D11-00A0C91BC942}") = "More_Functions", "More_Functions\More_Functions.vcxproj", "{4DE8A163-C3EC-4709-A3F6-38056D7EC172}"
EndProject
Global
	GlobalSection(SolutionConfigurationPlatforms) = preSolution
		Debug|x64 = Debug|x64
		Debug|x86 = Debug|x86
		Release|x64 = Release|x64
		Release|x86 = Release|x86
	EndGlobalSection
	GlobalSection(ProjectConfigurationPlatforms) = postSolution
		{4DE8A163-C3EC-4709-A3F6-38056D7EC172}.Debug|x64.ActiveCfg = Debug|x64
		{4DE8A163-C3EC-4709-A3F6-38056D7EC172}.Debug|x64.Build.0 = Debug|x64
		{4DE8A163-C3EC-4709-A3F6-38056D7EC172}.Debug|x86.ActiveCfg = Debug|Win32
		{4DE8A163-C3EC-4709-A3F6-38056D7EC172}.Debug|x86.Build.0 = Debug|Win32
		{4DE8A163-C3EC-4709-A3F6-38056D7EC172}.Release|x64.ActiveCfg = Release|x64
		{4DE8A163-C3EC-4709-A3F6-38056D7EC172}.Release|x64.Build.0 = Release|x64
		{4DE8A163-C3EC-4709-A3F6-38056D7EC172}.Release|x86.ActiveCfg = Release|Win32
		{4DE8A163-C3EC-4709-A3F6-38056D7EC172}.Release|x86.Build.0 = Release|Win32
	EndGlobalSection
	GlobalSection(SolutionProperties) = preSolution
		HideSolutionNode = FALSE
	EndGlobalSection
	GlobalSection(ExtensibilityGlobals) = postSolution
		SolutionGuid = {AE19DFF6-0353-4AF3-A6E7-208B2D12FDE4}
	EndGlobalSection
EndGlobal
